// !$*UTF8*$!
{
	archiveVersion = 1;
	classes = {
	};
	objectVersion = 56;
	objects = {

/* Begin PBXBuildFile section */
		E1A482362975D8F9007D5B7C /* AppDelegate.swift in Sources */ = {isa = PBXBuildFile; fileRef = E1A482352975D8F9007D5B7C /* AppDelegate.swift */; };
		E1A482382975D8F9007D5B7C /* SceneDelegate.swift in Sources */ = {isa = PBXBuildFile; fileRef = E1A482372975D8F9007D5B7C /* SceneDelegate.swift */; };
		E1A4823D2975D8F9007D5B7C /* Main.storyboard in Resources */ = {isa = PBXBuildFile; fileRef = E1A4823B2975D8F9007D5B7C /* Main.storyboard */; };
		E1A4823F2975D8FC007D5B7C /* Assets.xcassets in Resources */ = {isa = PBXBuildFile; fileRef = E1A4823E2975D8FC007D5B7C /* Assets.xcassets */; };
		E1A482422975D8FC007D5B7C /* LaunchScreen.storyboard in Resources */ = {isa = PBXBuildFile; fileRef = E1A482402975D8FC007D5B7C /* LaunchScreen.storyboard */; };
		E1A4824D2975D8FC007D5B7C /* JahezDemoTests.swift in Sources */ = {isa = PBXBuildFile; fileRef = E1A4824C2975D8FC007D5B7C /* JahezDemoTests.swift */; };
		E1A482572975D8FC007D5B7C /* JahezDemoUITests.swift in Sources */ = {isa = PBXBuildFile; fileRef = E1A482562975D8FC007D5B7C /* JahezDemoUITests.swift */; };
		E1A482592975D8FC007D5B7C /* JahezDemoUITestsLaunchTests.swift in Sources */ = {isa = PBXBuildFile; fileRef = E1A482582975D8FC007D5B7C /* JahezDemoUITestsLaunchTests.swift */; };
		E1A4826729760288007D5B7C /* ListViewController.swift in Sources */ = {isa = PBXBuildFile; fileRef = E1A4826629760288007D5B7C /* ListViewController.swift */; };
		E1A4826929760293007D5B7C /* DetailsViewController.swift in Sources */ = {isa = PBXBuildFile; fileRef = E1A4826829760293007D5B7C /* DetailsViewController.swift */; };
		E1A4827129760419007D5B7C /* NetworkManager.swift in Sources */ = {isa = PBXBuildFile; fileRef = E1A4827029760419007D5B7C /* NetworkManager.swift */; };
		E1A482732976050F007D5B7C /* Restaurant.swift in Sources */ = {isa = PBXBuildFile; fileRef = E1A482722976050F007D5B7C /* Restaurant.swift */; };
		E1A48275297605ED007D5B7C /* NetworkError.swift in Sources */ = {isa = PBXBuildFile; fileRef = E1A48274297605ED007D5B7C /* NetworkError.swift */; };
		E1A48278297608F9007D5B7C /* UIViewController.swift in Sources */ = {isa = PBXBuildFile; fileRef = E1A48277297608F9007D5B7C /* UIViewController.swift */; };
		E1A4827A297731DD007D5B7C /* JahezCollectionView.swift in Sources */ = {isa = PBXBuildFile; fileRef = E1A48279297731DD007D5B7C /* JahezCollectionView.swift */; };
/* End PBXBuildFile section */

/* Begin PBXContainerItemProxy section */
		E1A482492975D8FC007D5B7C /* PBXContainerItemProxy */ = {
			isa = PBXContainerItemProxy;
			containerPortal = E1A4822A2975D8F9007D5B7C /* Project object */;
			proxyType = 1;
			remoteGlobalIDString = E1A482312975D8F9007D5B7C;
			remoteInfo = JahezDemo;
		};
		E1A482532975D8FC007D5B7C /* PBXContainerItemProxy */ = {
			isa = PBXContainerItemProxy;
			containerPortal = E1A4822A2975D8F9007D5B7C /* Project object */;
			proxyType = 1;
			remoteGlobalIDString = E1A482312975D8F9007D5B7C;
			remoteInfo = JahezDemo;
		};
/* End PBXContainerItemProxy section */

/* Begin PBXFileReference section */
		E1A482322975D8F9007D5B7C /* JahezDemo.app */ = {isa = PBXFileReference; explicitFileType = wrapper.application; includeInIndex = 0; path = JahezDemo.app; sourceTree = BUILT_PRODUCTS_DIR; };
		E1A482352975D8F9007D5B7C /* AppDelegate.swift */ = {isa = PBXFileReference; lastKnownFileType = sourcecode.swift; path = AppDelegate.swift; sourceTree = "<group>"; };
		E1A482372975D8F9007D5B7C /* SceneDelegate.swift */ = {isa = PBXFileReference; lastKnownFileType = sourcecode.swift; path = SceneDelegate.swift; sourceTree = "<group>"; };
		E1A4823C2975D8F9007D5B7C /* Base */ = {isa = PBXFileReference; lastKnownFileType = file.storyboard; name = Base; path = Base.lproj/Main.storyboard; sourceTree = "<group>"; };
		E1A4823E2975D8FC007D5B7C /* Assets.xcassets */ = {isa = PBXFileReference; lastKnownFileType = folder.assetcatalog; path = Assets.xcassets; sourceTree = "<group>"; };
		E1A482412975D8FC007D5B7C /* Base */ = {isa = PBXFileReference; lastKnownFileType = file.storyboard; name = Base; path = Base.lproj/LaunchScreen.storyboard; sourceTree = "<group>"; };
		E1A482432975D8FC007D5B7C /* Info.plist */ = {isa = PBXFileReference; lastKnownFileType = text.plist.xml; path = Info.plist; sourceTree = "<group>"; };
		E1A482482975D8FC007D5B7C /* JahezDemoTests.xctest */ = {isa = PBXFileReference; explicitFileType = wrapper.cfbundle; includeInIndex = 0; path = JahezDemoTests.xctest; sourceTree = BUILT_PRODUCTS_DIR; };
		E1A4824C2975D8FC007D5B7C /* JahezDemoTests.swift */ = {isa = PBXFileReference; lastKnownFileType = sourcecode.swift; path = JahezDemoTests.swift; sourceTree = "<group>"; };
		E1A482522975D8FC007D5B7C /* JahezDemoUITests.xctest */ = {isa = PBXFileReference; explicitFileType = wrapper.cfbundle; includeInIndex = 0; path = JahezDemoUITests.xctest; sourceTree = BUILT_PRODUCTS_DIR; };
		E1A482562975D8FC007D5B7C /* JahezDemoUITests.swift */ = {isa = PBXFileReference; lastKnownFileType = sourcecode.swift; path = JahezDemoUITests.swift; sourceTree = "<group>"; };
		E1A482582975D8FC007D5B7C /* JahezDemoUITestsLaunchTests.swift */ = {isa = PBXFileReference; lastKnownFileType = sourcecode.swift; path = JahezDemoUITestsLaunchTests.swift; sourceTree = "<group>"; };
		E1A4826629760288007D5B7C /* ListViewController.swift */ = {isa = PBXFileReference; lastKnownFileType = sourcecode.swift; path = ListViewController.swift; sourceTree = "<group>"; };
		E1A4826829760293007D5B7C /* DetailsViewController.swift */ = {isa = PBXFileReference; lastKnownFileType = sourcecode.swift; path = DetailsViewController.swift; sourceTree = "<group>"; };
		E1A4827029760419007D5B7C /* NetworkManager.swift */ = {isa = PBXFileReference; lastKnownFileType = sourcecode.swift; path = NetworkManager.swift; sourceTree = "<group>"; };
		E1A482722976050F007D5B7C /* Restaurant.swift */ = {isa = PBXFileReference; lastKnownFileType = sourcecode.swift; path = Restaurant.swift; sourceTree = "<group>"; };
		E1A48274297605ED007D5B7C /* NetworkError.swift */ = {isa = PBXFileReference; lastKnownFileType = sourcecode.swift; path = NetworkError.swift; sourceTree = "<group>"; };
		E1A48277297608F9007D5B7C /* UIViewController.swift */ = {isa = PBXFileReference; lastKnownFileType = sourcecode.swift; path = UIViewController.swift; sourceTree = "<group>"; };
		E1A48279297731DD007D5B7C /* JahezCollectionView.swift */ = {isa = PBXFileReference; lastKnownFileType = sourcecode.swift; path = JahezCollectionView.swift; sourceTree = "<group>"; };
/* End PBXFileReference section */

/* Begin PBXFrameworksBuildPhase section */
		E1A4822F2975D8F9007D5B7C /* Frameworks */ = {
			isa = PBXFrameworksBuildPhase;
			buildActionMask = 2147483647;
			files = (
			);
			runOnlyForDeploymentPostprocessing = 0;
		};
		E1A482452975D8FC007D5B7C /* Frameworks */ = {
			isa = PBXFrameworksBuildPhase;
			buildActionMask = 2147483647;
			files = (
			);
			runOnlyForDeploymentPostprocessing = 0;
		};
		E1A4824F2975D8FC007D5B7C /* Frameworks */ = {
			isa = PBXFrameworksBuildPhase;
			buildActionMask = 2147483647;
			files = (
			);
			runOnlyForDeploymentPostprocessing = 0;
		};
/* End PBXFrameworksBuildPhase section */

/* Begin PBXGroup section */
		E1A482292975D8F9007D5B7C = {
			isa = PBXGroup;
			children = (
				E1A482342975D8F9007D5B7C /* JahezDemo */,
				E1A4824B2975D8FC007D5B7C /* JahezDemoTests */,
				E1A482552975D8FC007D5B7C /* JahezDemoUITests */,
				E1A482332975D8F9007D5B7C /* Products */,
			);
			sourceTree = "<group>";
		};
		E1A482332975D8F9007D5B7C /* Products */ = {
			isa = PBXGroup;
			children = (
				E1A482322975D8F9007D5B7C /* JahezDemo.app */,
				E1A482482975D8FC007D5B7C /* JahezDemoTests.xctest */,
				E1A482522975D8FC007D5B7C /* JahezDemoUITests.xctest */,
			);
			name = Products;
			sourceTree = "<group>";
		};
		E1A482342975D8F9007D5B7C /* JahezDemo */ = {
			isa = PBXGroup;
			children = (
				E1A482352975D8F9007D5B7C /* AppDelegate.swift */,
				E1A482372975D8F9007D5B7C /* SceneDelegate.swift */,
				E1A4826529760268007D5B7C /* Controllers */,
				E1A48276297608E0007D5B7C /* Extensions */,
				E1A482402975D8FC007D5B7C /* LaunchScreen.storyboard */,
				E1A4823B2975D8F9007D5B7C /* Main.storyboard */,
				E1A4826E29760337007D5B7C /* Models */,
				E1A4826D29760326007D5B7C /* Network */,
				E1A4826C297602CD007D5B7C /* Supporting Files */,
			);
			path = JahezDemo;
			sourceTree = "<group>";
		};
		E1A4824B2975D8FC007D5B7C /* JahezDemoTests */ = {
			isa = PBXGroup;
			children = (
				E1A4824C2975D8FC007D5B7C /* JahezDemoTests.swift */,
			);
			path = JahezDemoTests;
			sourceTree = "<group>";
		};
		E1A482552975D8FC007D5B7C /* JahezDemoUITests */ = {
			isa = PBXGroup;
			children = (
				E1A482562975D8FC007D5B7C /* JahezDemoUITests.swift */,
				E1A482582975D8FC007D5B7C /* JahezDemoUITestsLaunchTests.swift */,
			);
			path = JahezDemoUITests;
			sourceTree = "<group>";
		};
		E1A4826529760268007D5B7C /* Controllers */ = {
			isa = PBXGroup;
			children = (
				E1A4826A2976029F007D5B7C /* 0. List */,
				E1A4826B297602A9007D5B7C /* 1. Details */,
			);
			path = Controllers;
			sourceTree = "<group>";
		};
		E1A4826A2976029F007D5B7C /* 0. List */ = {
			isa = PBXGroup;
			children = (
				E1A48279297731DD007D5B7C /* JahezCollectionView.swift */,
				E1A4826629760288007D5B7C /* ListViewController.swift */,
			);
			path = "0. List";
			sourceTree = "<group>";
		};
		E1A4826B297602A9007D5B7C /* 1. Details */ = {
			isa = PBXGroup;
			children = (
				E1A4826829760293007D5B7C /* DetailsViewController.swift */,
			);
			path = "1. Details";
			sourceTree = "<group>";
		};
		E1A4826C297602CD007D5B7C /* Supporting Files */ = {
			isa = PBXGroup;
			children = (
				E1A4823E2975D8FC007D5B7C /* Assets.xcassets */,
				E1A482432975D8FC007D5B7C /* Info.plist */,
			);
			path = "Supporting Files";
			sourceTree = "<group>";
		};
		E1A4826D29760326007D5B7C /* Network */ = {
			isa = PBXGroup;
			children = (
				E1A48274297605ED007D5B7C /* NetworkError.swift */,
				E1A4827029760419007D5B7C /* NetworkManager.swift */,
			);
			path = Network;
			sourceTree = "<group>";
		};
		E1A4826E29760337007D5B7C /* Models */ = {
			isa = PBXGroup;
			children = (
				E1A482722976050F007D5B7C /* Restaurant.swift */,
			);
			path = Models;
			sourceTree = "<group>";
		};
		E1A48276297608E0007D5B7C /* Extensions */ = {
			isa = PBXGroup;
			children = (
				E1A48277297608F9007D5B7C /* UIViewController.swift */,
			);
			path = Extensions;
			sourceTree = "<group>";
		};
/* End PBXGroup section */

/* Begin PBXNativeTarget section */
		E1A482312975D8F9007D5B7C /* JahezDemo */ = {
			isa = PBXNativeTarget;
			buildConfigurationList = E1A4825C2975D8FC007D5B7C /* Build configuration list for PBXNativeTarget "JahezDemo" */;
			buildPhases = (
				E1A4822E2975D8F9007D5B7C /* Sources */,
				E1A4822F2975D8F9007D5B7C /* Frameworks */,
				E1A482302975D8F9007D5B7C /* Resources */,
			);
			buildRules = (
			);
			dependencies = (
			);
			name = JahezDemo;
			productName = JahezDemo;
			productReference = E1A482322975D8F9007D5B7C /* JahezDemo.app */;
			productType = "com.apple.product-type.application";
		};
		E1A482472975D8FC007D5B7C /* JahezDemoTests */ = {
			isa = PBXNativeTarget;
			buildConfigurationList = E1A4825F2975D8FC007D5B7C /* Build configuration list for PBXNativeTarget "JahezDemoTests" */;
			buildPhases = (
				E1A482442975D8FC007D5B7C /* Sources */,
				E1A482452975D8FC007D5B7C /* Frameworks */,
				E1A482462975D8FC007D5B7C /* Resources */,
			);
			buildRules = (
			);
			dependencies = (
				E1A4824A2975D8FC007D5B7C /* PBXTargetDependency */,
			);
			name = JahezDemoTests;
			productName = JahezDemoTests;
			productReference = E1A482482975D8FC007D5B7C /* JahezDemoTests.xctest */;
			productType = "com.apple.product-type.bundle.unit-test";
		};
		E1A482512975D8FC007D5B7C /* JahezDemoUITests */ = {
			isa = PBXNativeTarget;
			buildConfigurationList = E1A482622975D8FC007D5B7C /* Build configuration list for PBXNativeTarget "JahezDemoUITests" */;
			buildPhases = (
				E1A4824E2975D8FC007D5B7C /* Sources */,
				E1A4824F2975D8FC007D5B7C /* Frameworks */,
				E1A482502975D8FC007D5B7C /* Resources */,
			);
			buildRules = (
			);
			dependencies = (
				E1A482542975D8FC007D5B7C /* PBXTargetDependency */,
			);
			name = JahezDemoUITests;
			productName = JahezDemoUITests;
			productReference = E1A482522975D8FC007D5B7C /* JahezDemoUITests.xctest */;
			productType = "com.apple.product-type.bundle.ui-testing";
		};
/* End PBXNativeTarget section */

/* Begin PBXProject section */
		E1A4822A2975D8F9007D5B7C /* Project object */ = {
			isa = PBXProject;
			attributes = {
				BuildIndependentTargetsInParallel = 1;
				LastSwiftUpdateCheck = 1420;
				LastUpgradeCheck = 1420;
				TargetAttributes = {
					E1A482312975D8F9007D5B7C = {
						CreatedOnToolsVersion = 14.2;
					};
					E1A482472975D8FC007D5B7C = {
						CreatedOnToolsVersion = 14.2;
						TestTargetID = E1A482312975D8F9007D5B7C;
					};
					E1A482512975D8FC007D5B7C = {
						CreatedOnToolsVersion = 14.2;
						TestTargetID = E1A482312975D8F9007D5B7C;
					};
				};
			};
			buildConfigurationList = E1A4822D2975D8F9007D5B7C /* Build configuration list for PBXProject "JahezDemo" */;
			compatibilityVersion = "Xcode 14.0";
			developmentRegion = en;
			hasScannedForEncodings = 0;
			knownRegions = (
				en,
				Base,
			);
			mainGroup = E1A482292975D8F9007D5B7C;
			productRefGroup = E1A482332975D8F9007D5B7C /* Products */;
			projectDirPath = "";
			projectRoot = "";
			targets = (
				E1A482312975D8F9007D5B7C /* JahezDemo */,
				E1A482472975D8FC007D5B7C /* JahezDemoTests */,
				E1A482512975D8FC007D5B7C /* JahezDemoUITests */,
			);
		};
/* End PBXProject section */

/* Begin PBXResourcesBuildPhase section */
		E1A482302975D8F9007D5B7C /* Resources */ = {
			isa = PBXResourcesBuildPhase;
			buildActionMask = 2147483647;
			files = (
				E1A482422975D8FC007D5B7C /* LaunchScreen.storyboard in Resources */,
				E1A4823F2975D8FC007D5B7C /* Assets.xcassets in Resources */,
				E1A4823D2975D8F9007D5B7C /* Main.storyboard in Resources */,
			);
			runOnlyForDeploymentPostprocessing = 0;
		};
		E1A482462975D8FC007D5B7C /* Resources */ = {
			isa = PBXResourcesBuildPhase;
			buildActionMask = 2147483647;
			files = (
			);
			runOnlyForDeploymentPostprocessing = 0;
		};
		E1A482502975D8FC007D5B7C /* Resources */ = {
			isa = PBXResourcesBuildPhase;
			buildActionMask = 2147483647;
			files = (
			);
			runOnlyForDeploymentPostprocessing = 0;
		};
/* End PBXResourcesBuildPhase section */

/* Begin PBXSourcesBuildPhase section */
		E1A4822E2975D8F9007D5B7C /* Sources */ = {
			isa = PBXSourcesBuildPhase;
			buildActionMask = 2147483647;
			files = (
				E1A4827129760419007D5B7C /* NetworkManager.swift in Sources */,
				E1A48275297605ED007D5B7C /* NetworkError.swift in Sources */,
				E1A482362975D8F9007D5B7C /* AppDelegate.swift in Sources */,
				E1A482732976050F007D5B7C /* Restaurant.swift in Sources */,
				E1A4826729760288007D5B7C /* ListViewController.swift in Sources */,
				E1A482382975D8F9007D5B7C /* SceneDelegate.swift in Sources */,
				E1A48278297608F9007D5B7C /* UIViewController.swift in Sources */,
				E1A4826929760293007D5B7C /* DetailsViewController.swift in Sources */,
				E1A4827A297731DD007D5B7C /* JahezCollectionView.swift in Sources */,
			);
			runOnlyForDeploymentPostprocessing = 0;
		};
		E1A482442975D8FC007D5B7C /* Sources */ = {
			isa = PBXSourcesBuildPhase;
			buildActionMask = 2147483647;
			files = (
				E1A4824D2975D8FC007D5B7C /* JahezDemoTests.swift in Sources */,
			);
			runOnlyForDeploymentPostprocessing = 0;
		};
		E1A4824E2975D8FC007D5B7C /* Sources */ = {
			isa = PBXSourcesBuildPhase;
			buildActionMask = 2147483647;
			files = (
				E1A482592975D8FC007D5B7C /* JahezDemoUITestsLaunchTests.swift in Sources */,
				E1A482572975D8FC007D5B7C /* JahezDemoUITests.swift in Sources */,
			);
			runOnlyForDeploymentPostprocessing = 0;
		};
/* End PBXSourcesBuildPhase section */

/* Begin PBXTargetDependency section */
		E1A4824A2975D8FC007D5B7C /* PBXTargetDependency */ = {
			isa = PBXTargetDependency;
			target = E1A482312975D8F9007D5B7C /* JahezDemo */;
			targetProxy = E1A482492975D8FC007D5B7C /* PBXContainerItemProxy */;
		};
		E1A482542975D8FC007D5B7C /* PBXTargetDependency */ = {
			isa = PBXTargetDependency;
			target = E1A482312975D8F9007D5B7C /* JahezDemo */;
			targetProxy = E1A482532975D8FC007D5B7C /* PBXContainerItemProxy */;
		};
/* End PBXTargetDependency section */

/* Begin PBXVariantGroup section */
		E1A4823B2975D8F9007D5B7C /* Main.storyboard */ = {
			isa = PBXVariantGroup;
			children = (
				E1A4823C2975D8F9007D5B7C /* Base */,
			);
			name = Main.storyboard;
			sourceTree = "<group>";
		};
		E1A482402975D8FC007D5B7C /* LaunchScreen.storyboard */ = {
			isa = PBXVariantGroup;
			children = (
				E1A482412975D8FC007D5B7C /* Base */,
			);
			name = LaunchScreen.storyboard;
			sourceTree = "<group>";
		};
/* End PBXVariantGroup section */

/* Begin XCBuildConfiguration section */
		E1A4825A2975D8FC007D5B7C /* Debug */ = {
			isa = XCBuildConfiguration;
			buildSettings = {
				ALWAYS_SEARCH_USER_PATHS = NO;
				CLANG_ANALYZER_NONNULL = YES;
				CLANG_ANALYZER_NUMBER_OBJECT_CONVERSION = YES_AGGRESSIVE;
				CLANG_CXX_LANGUAGE_STANDARD = "gnu++20";
				CLANG_ENABLE_MODULES = YES;
				CLANG_ENABLE_OBJC_ARC = YES;
				CLANG_ENABLE_OBJC_WEAK = YES;
				CLANG_WARN_BLOCK_CAPTURE_AUTORELEASING = YES;
				CLANG_WARN_BOOL_CONVERSION = YES;
				CLANG_WARN_COMMA = YES;
				CLANG_WARN_CONSTANT_CONVERSION = YES;
				CLANG_WARN_DEPRECATED_OBJC_IMPLEMENTATIONS = YES;
				CLANG_WARN_DIRECT_OBJC_ISA_USAGE = YES_ERROR;
				CLANG_WARN_DOCUMENTATION_COMMENTS = YES;
				CLANG_WARN_EMPTY_BODY = YES;
				CLANG_WARN_ENUM_CONVERSION = YES;
				CLANG_WARN_INFINITE_RECURSION = YES;
				CLANG_WARN_INT_CONVERSION = YES;
				CLANG_WARN_NON_LITERAL_NULL_CONVERSION = YES;
				CLANG_WARN_OBJC_IMPLICIT_RETAIN_SELF = YES;
				CLANG_WARN_OBJC_LITERAL_CONVERSION = YES;
				CLANG_WARN_OBJC_ROOT_CLASS = YES_ERROR;
				CLANG_WARN_QUOTED_INCLUDE_IN_FRAMEWORK_HEADER = YES;
				CLANG_WARN_RANGE_LOOP_ANALYSIS = YES;
				CLANG_WARN_STRICT_PROTOTYPES = YES;
				CLANG_WARN_SUSPICIOUS_MOVE = YES;
				CLANG_WARN_UNGUARDED_AVAILABILITY = YES_AGGRESSIVE;
				CLANG_WARN_UNREACHABLE_CODE = YES;
				CLANG_WARN__DUPLICATE_METHOD_MATCH = YES;
				COPY_PHASE_STRIP = NO;
				DEBUG_INFORMATION_FORMAT = dwarf;
				ENABLE_STRICT_OBJC_MSGSEND = YES;
				ENABLE_TESTABILITY = YES;
				GCC_C_LANGUAGE_STANDARD = gnu11;
				GCC_DYNAMIC_NO_PIC = NO;
				GCC_NO_COMMON_BLOCKS = YES;
				GCC_OPTIMIZATION_LEVEL = 0;
				GCC_PREPROCESSOR_DEFINITIONS = (
					"DEBUG=1",
					"$(inherited)",
				);
				GCC_WARN_64_TO_32_BIT_CONVERSION = YES;
				GCC_WARN_ABOUT_RETURN_TYPE = YES_ERROR;
				GCC_WARN_UNDECLARED_SELECTOR = YES;
				GCC_WARN_UNINITIALIZED_AUTOS = YES_AGGRESSIVE;
				GCC_WARN_UNUSED_FUNCTION = YES;
				GCC_WARN_UNUSED_VARIABLE = YES;
				IPHONEOS_DEPLOYMENT_TARGET = 16.2;
				MTL_ENABLE_DEBUG_INFO = INCLUDE_SOURCE;
				MTL_FAST_MATH = YES;
				ONLY_ACTIVE_ARCH = YES;
				SDKROOT = iphoneos;
				SWIFT_ACTIVE_COMPILATION_CONDITIONS = DEBUG;
				SWIFT_OPTIMIZATION_LEVEL = "-Onone";
			};
			name = Debug;
		};
		E1A4825B2975D8FC007D5B7C /* Release */ = {
			isa = XCBuildConfiguration;
			buildSettings = {
				ALWAYS_SEARCH_USER_PATHS = NO;
				CLANG_ANALYZER_NONNULL = YES;
				CLANG_ANALYZER_NUMBER_OBJECT_CONVERSION = YES_AGGRESSIVE;
				CLANG_CXX_LANGUAGE_STANDARD = "gnu++20";
				CLANG_ENABLE_MODULES = YES;
				CLANG_ENABLE_OBJC_ARC = YES;
				CLANG_ENABLE_OBJC_WEAK = YES;
				CLANG_WARN_BLOCK_CAPTURE_AUTORELEASING = YES;
				CLANG_WARN_BOOL_CONVERSION = YES;
				CLANG_WARN_COMMA = YES;
				CLANG_WARN_CONSTANT_CONVERSION = YES;
				CLANG_WARN_DEPRECATED_OBJC_IMPLEMENTATIONS = YES;
				CLANG_WARN_DIRECT_OBJC_ISA_USAGE = YES_ERROR;
				CLANG_WARN_DOCUMENTATION_COMMENTS = YES;
				CLANG_WARN_EMPTY_BODY = YES;
				CLANG_WARN_ENUM_CONVERSION = YES;
				CLANG_WARN_INFINITE_RECURSION = YES;
				CLANG_WARN_INT_CONVERSION = YES;
				CLANG_WARN_NON_LITERAL_NULL_CONVERSION = YES;
				CLANG_WARN_OBJC_IMPLICIT_RETAIN_SELF = YES;
				CLANG_WARN_OBJC_LITERAL_CONVERSION = YES;
				CLANG_WARN_OBJC_ROOT_CLASS = YES_ERROR;
				CLANG_WARN_QUOTED_INCLUDE_IN_FRAMEWORK_HEADER = YES;
				CLANG_WARN_RANGE_LOOP_ANALYSIS = YES;
				CLANG_WARN_STRICT_PROTOTYPES = YES;
				CLANG_WARN_SUSPICIOUS_MOVE = YES;
				CLANG_WARN_UNGUARDED_AVAILABILITY = YES_AGGRESSIVE;
				CLANG_WARN_UNREACHABLE_CODE = YES;
				CLANG_WARN__DUPLICATE_METHOD_MATCH = YES;
				COPY_PHASE_STRIP = NO;
				DEBUG_INFORMATION_FORMAT = "dwarf-with-dsym";
				ENABLE_NS_ASSERTIONS = NO;
				ENABLE_STRICT_OBJC_MSGSEND = YES;
				GCC_C_LANGUAGE_STANDARD = gnu11;
				GCC_NO_COMMON_BLOCKS = YES;
				GCC_WARN_64_TO_32_BIT_CONVERSION = YES;
				GCC_WARN_ABOUT_RETURN_TYPE = YES_ERROR;
				GCC_WARN_UNDECLARED_SELECTOR = YES;
				GCC_WARN_UNINITIALIZED_AUTOS = YES_AGGRESSIVE;
				GCC_WARN_UNUSED_FUNCTION = YES;
				GCC_WARN_UNUSED_VARIABLE = YES;
				IPHONEOS_DEPLOYMENT_TARGET = 16.2;
				MTL_ENABLE_DEBUG_INFO = NO;
				MTL_FAST_MATH = YES;
				SDKROOT = iphoneos;
				SWIFT_COMPILATION_MODE = wholemodule;
				SWIFT_OPTIMIZATION_LEVEL = "-O";
				VALIDATE_PRODUCT = YES;
			};
			name = Release;
		};
		E1A4825D2975D8FC007D5B7C /* Debug */ = {
			isa = XCBuildConfiguration;
			buildSettings = {
				ASSETCATALOG_COMPILER_APPICON_NAME = AppIcon;
				ASSETCATALOG_COMPILER_GLOBAL_ACCENT_COLOR_NAME = AccentColor;
				CODE_SIGN_STYLE = Automatic;
				CURRENT_PROJECT_VERSION = 1;
				GENERATE_INFOPLIST_FILE = YES;
				INFOPLIST_FILE = "JahezDemo/Supporting Files/Info.plist";
				INFOPLIST_KEY_UIApplicationSupportsIndirectInputEvents = YES;
				INFOPLIST_KEY_UILaunchStoryboardName = LaunchScreen;
				INFOPLIST_KEY_UIMainStoryboardFile = Main;
				INFOPLIST_KEY_UISupportedInterfaceOrientations_iPad = "UIInterfaceOrientationPortrait UIInterfaceOrientationPortraitUpsideDown UIInterfaceOrientationLandscapeLeft UIInterfaceOrientationLandscapeRight";
				INFOPLIST_KEY_UISupportedInterfaceOrientations_iPhone = "UIInterfaceOrientationPortrait UIInterfaceOrientationLandscapeLeft UIInterfaceOrientationLandscapeRight";
				LD_RUNPATH_SEARCH_PATHS = (
					"$(inherited)",
					"@executable_path/Frameworks",
				);
				MARKETING_VERSION = 1.0;
				PRODUCT_BUNDLE_IDENTIFIER = com.elashkar.JahezDemo;
				PRODUCT_NAME = "$(TARGET_NAME)";
				SWIFT_EMIT_LOC_STRINGS = YES;
				SWIFT_VERSION = 5.0;
				TARGETED_DEVICE_FAMILY = "1,2";
			};
			name = Debug;
		};
		E1A4825E2975D8FC007D5B7C /* Release */ = {
			isa = XCBuildConfiguration;
			buildSettings = {
				ASSETCATALOG_COMPILER_APPICON_NAME = AppIcon;
				ASSETCATALOG_COMPILER_GLOBAL_ACCENT_COLOR_NAME = AccentColor;
				CODE_SIGN_STYLE = Automatic;
				CURRENT_PROJECT_VERSION = 1;
				GENERATE_INFOPLIST_FILE = YES;
				INFOPLIST_FILE = "JahezDemo/Supporting Files/Info.plist";
				INFOPLIST_KEY_UIApplicationSupportsIndirectInputEvents = YES;
				INFOPLIST_KEY_UILaunchStoryboardName = LaunchScreen;
				INFOPLIST_KEY_UIMainStoryboardFile = Main;
				INFOPLIST_KEY_UISupportedInterfaceOrientations_iPad = "UIInterfaceOrientationPortrait UIInterfaceOrientationPortraitUpsideDown UIInterfaceOrientationLandscapeLeft UIInterfaceOrientationLandscapeRight";
				INFOPLIST_KEY_UISupportedInterfaceOrientations_iPhone = "UIInterfaceOrientationPortrait UIInterfaceOrientationLandscapeLeft UIInterfaceOrientationLandscapeRight";
				LD_RUNPATH_SEARCH_PATHS = (
					"$(inherited)",
					"@executable_path/Frameworks",
				);
				MARKETING_VERSION = 1.0;
				PRODUCT_BUNDLE_IDENTIFIER = com.elashkar.JahezDemo;
				PRODUCT_NAME = "$(TARGET_NAME)";
				SWIFT_EMIT_LOC_STRINGS = YES;
				SWIFT_VERSION = 5.0;
				TARGETED_DEVICE_FAMILY = "1,2";
			};
			name = Release;
		};
		E1A482602975D8FC007D5B7C /* Debug */ = {
			isa = XCBuildConfiguration;
			buildSettings = {
				ALWAYS_EMBED_SWIFT_STANDARD_LIBRARIES = YES;
				BUNDLE_LOADER = "$(TEST_HOST)";
				CODE_SIGN_STYLE = Automatic;
				CURRENT_PROJECT_VERSION = 1;
				GENERATE_INFOPLIST_FILE = YES;
				IPHONEOS_DEPLOYMENT_TARGET = 16.2;
				MARKETING_VERSION = 1.0;
				PRODUCT_BUNDLE_IDENTIFIER = com.elashkar.JahezDemoTests;
				PRODUCT_NAME = "$(TARGET_NAME)";
				SWIFT_EMIT_LOC_STRINGS = NO;
				SWIFT_VERSION = 5.0;
				TARGETED_DEVICE_FAMILY = "1,2";
				TEST_HOST = "$(BUILT_PRODUCTS_DIR)/JahezDemo.app/$(BUNDLE_EXECUTABLE_FOLDER_PATH)/JahezDemo";
			};
			name = Debug;
		};
		E1A482612975D8FC007D5B7C /* Release */ = {
			isa = XCBuildConfiguration;
			buildSettings = {
				ALWAYS_EMBED_SWIFT_STANDARD_LIBRARIES = YES;
				BUNDLE_LOADER = "$(TEST_HOST)";
				CODE_SIGN_STYLE = Automatic;
				CURRENT_PROJECT_VERSION = 1;
				GENERATE_INFOPLIST_FILE = YES;
				IPHONEOS_DEPLOYMENT_TARGET = 16.2;
				MARKETING_VERSION = 1.0;
				PRODUCT_BUNDLE_IDENTIFIER = com.elashkar.JahezDemoTests;
				PRODUCT_NAME = "$(TARGET_NAME)";
				SWIFT_EMIT_LOC_STRINGS = NO;
				SWIFT_VERSION = 5.0;
				TARGETED_DEVICE_FAMILY = "1,2";
				TEST_HOST = "$(BUILT_PRODUCTS_DIR)/JahezDemo.app/$(BUNDLE_EXECUTABLE_FOLDER_PATH)/JahezDemo";
			};
			name = Release;
		};
		E1A482632975D8FC007D5B7C /* Debug */ = {
			isa = XCBuildConfiguration;
			buildSettings = {
				ALWAYS_EMBED_SWIFT_STANDARD_LIBRARIES = YES;
				CODE_SIGN_STYLE = Automatic;
				CURRENT_PROJECT_VERSION = 1;
				GENERATE_INFOPLIST_FILE = YES;
				MARKETING_VERSION = 1.0;
				PRODUCT_BUNDLE_IDENTIFIER = com.elashkar.JahezDemoUITests;
				PRODUCT_NAME = "$(TARGET_NAME)";
				SWIFT_EMIT_LOC_STRINGS = NO;
				SWIFT_VERSION = 5.0;
				TARGETED_DEVICE_FAMILY = "1,2";
				TEST_TARGET_NAME = JahezDemo;
			};
			name = Debug;
		};
		E1A482642975D8FC007D5B7C /* Release */ = {
			isa = XCBuildConfiguration;
			buildSettings = {
				ALWAYS_EMBED_SWIFT_STANDARD_LIBRARIES = YES;
				CODE_SIGN_STYLE = Automatic;
				CURRENT_PROJECT_VERSION = 1;
				GENERATE_INFOPLIST_FILE = YES;
				MARKETING_VERSION = 1.0;
				PRODUCT_BUNDLE_IDENTIFIER = com.elashkar.JahezDemoUITests;
				PRODUCT_NAME = "$(TARGET_NAME)";
				SWIFT_EMIT_LOC_STRINGS = NO;
				SWIFT_VERSION = 5.0;
				TARGETED_DEVICE_FAMILY = "1,2";
				TEST_TARGET_NAME = JahezDemo;
			};
			name = Release;
		};
/* End XCBuildConfiguration section */

/* Begin XCConfigurationList section */
		E1A4822D2975D8F9007D5B7C /* Build configuration list for PBXProject "JahezDemo" */ = {
			isa = XCConfigurationList;
			buildConfigurations = (
				E1A4825A2975D8FC007D5B7C /* Debug */,
				E1A4825B2975D8FC007D5B7C /* Release */,
			);
			defaultConfigurationIsVisible = 0;
			defaultConfigurationName = Release;
		};
		E1A4825C2975D8FC007D5B7C /* Build configuration list for PBXNativeTarget "JahezDemo" */ = {
			isa = XCConfigurationList;
			buildConfigurations = (
				E1A4825D2975D8FC007D5B7C /* Debug */,
				E1A4825E2975D8FC007D5B7C /* Release */,
			);
			defaultConfigurationIsVisible = 0;
			defaultConfigurationName = Release;
		};
		E1A4825F2975D8FC007D5B7C /* Build configuration list for PBXNativeTarget "JahezDemoTests" */ = {
			isa = XCConfigurationList;
			buildConfigurations = (
				E1A482602975D8FC007D5B7C /* Debug */,
				E1A482612975D8FC007D5B7C /* Release */,
			);
			defaultConfigurationIsVisible = 0;
			defaultConfigurationName = Release;
		};
		E1A482622975D8FC007D5B7C /* Build configuration list for PBXNativeTarget "JahezDemoUITests" */ = {
			isa = XCConfigurationList;
			buildConfigurations = (
				E1A482632975D8FC007D5B7C /* Debug */,
				E1A482642975D8FC007D5B7C /* Release */,
			);
			defaultConfigurationIsVisible = 0;
			defaultConfigurationName = Release;
		};
/* End XCConfigurationList section */
	};
	rootObject = E1A4822A2975D8F9007D5B7C /* Project object */;
}
